
Microsoft Visual Studio Solution File, Format Version 10.00
# Visual Studio 2008
Project("{8BC9CEB8-8B4A-11D0-8D11-00A0C91BC942}") = "wIChI", "wIChI.vcproj", "{66B57DAD-1A6B-4673-A6DC-D0A2624846C4}"
EndProject
Global
	GlobalSection(SolutionConfigurationPlatforms) = preSolution
		Debug|Win32 = Debug|Win32
		Release|Win32 = Release|Win32
		stdWichi_Debug|Win32 = stdWichi_Debug|Win32
		stdwIChi|Win32 = stdwIChi|Win32
	EndGlobalSection
	GlobalSection(ProjectConfigurationPlatforms) = postSolution
		{66B57DAD-1A6B-4673-A6DC-D0A2624846C4}.Debug|Win32.ActiveCfg = Debug|Win32
		{66B57DAD-1A6B-4673-A6DC-D0A2624846C4}.Debug|Win32.Build.0 = Debug|Win32
		{66B57DAD-1A6B-4673-A6DC-D0A2624846C4}.Release|Win32.ActiveCfg = Release|Win32
		{66B57DAD-1A6B-4673-A6DC-D0A2624846C4}.Release|Win32.Build.0 = Release|Win32
		{66B57DAD-1A6B-4673-A6DC-D0A2624846C4}.stdWichi_Debug|Win32.ActiveCfg = stdWichi_Debug|Win32
		{66B57DAD-1A6B-4673-A6DC-D0A2624846C4}.stdWichi_Debug|Win32.Build.0 = stdWichi_Debug|Win32
		{66B57DAD-1A6B-4673-A6DC-D0A2624846C4}.stdwIChi|Win32.ActiveCfg = stdwIChi|Win32
		{66B57DAD-1A6B-4673-A6DC-D0A2624846C4}.stdwIChi|Win32.Build.0 = stdwIChi|Win32
	EndGlobalSection
	GlobalSection(SolutionProperties) = preSolution
		HideSolutionNode = FALSE
	EndGlobalSection
EndGlobal
