<?xml version="1.0" encoding="utf-8"?>
<Project ToolsVersion="4.0" xmlns="http://schemas.microsoft.com/developer/msbuild/2003">
  <ItemGroup>
    <Filter Include="Source Files">
      <UniqueIdentifier>{a9ce81d5-5c12-4add-b6c2-4d3ee07f0712}</UniqueIdentifier>
      <Extensions>cpp;c;cxx;rc;def;r;odl;idl;hpj;bat</Extensions>
    </Filter>
    <Filter Include="Header Files">
      <UniqueIdentifier>{75b79c86-9d81-43c5-aeb2-50c83a36b1fe}</UniqueIdentifier>
      <Extensions>h;hpp;hxx;hm;inl</Extensions>
    </Filter>
    <Filter Include="Resource Files">
      <UniqueIdentifier>{9b2d0bee-8998-4e05-872b-f402677331a2}</UniqueIdentifier>
      <Extensions>ico;cur;bmp;dlg;rc2;rct;bin;rgs;gif;jpg;jpeg;jpe</Extensions>
    </Filter>
  </ItemGroup>
  <ItemGroup>
    <ClCompile Include="src\DlgIchiOption.cpp">
      <Filter>Source Files</Filter>
    </ClCompile>
    <ClCompile Include="src\DlgOptions.cpp">
      <Filter>Source Files</Filter>
    </ClCompile>
    <ClCompile Include="src\fthread.cpp">
      <Filter>Source Files</Filter>
    </ClCompile>
    <ClCompile Include="..\INCHI-1-SRC\INCHI_BASE\src\ichiparm.c">
      <Filter>Source Files</Filter>
    </ClCompile>
    <ClCompile Include="src\isis.cpp">
      <Filter>Source Files</Filter>
    </ClCompile>
    <ClCompile Include="src\MainFrm.cpp">
      <Filter>Source Files</Filter>
    </ClCompile>
    <ClCompile Include="src\StdAfx.cpp">
      <Filter>Source Files</Filter>
    </ClCompile>
    <ClCompile Include="src\TextView.cpp">
      <Filter>Source Files</Filter>
    </ClCompile>
    <ClCompile Include="src\wIChI.cpp">
      <Filter>Source Files</Filter>
    </ClCompile>
    <ClCompile Include="src\wIChIDoc.cpp">
      <Filter>Source Files</Filter>
    </ClCompile>
    <ClCompile Include="src\wIChIView.cpp">
      <Filter>Source Files</Filter>
    </ClCompile>
    <ClCompile Include="src\DlgGoTo.cpp">
      <Filter>Source Files</Filter>
    </ClCompile>
  </ItemGroup>
  <ItemGroup>
    <ResourceCompile Include="wIChI.rc">
      <Filter>Source Files</Filter>
    </ResourceCompile>
  </ItemGroup>
  <ItemGroup>
    <ClInclude Include="src\DlgIchiOption.h">
      <Filter>Header Files</Filter>
    </ClInclude>
    <ClInclude Include="src\DlgOptions.h">
      <Filter>Header Files</Filter>
    </ClInclude>
    <ClInclude Include="src\fthread.h">
      <Filter>Header Files</Filter>
    </ClInclude>
    <ClInclude Include="src\isis.h">
      <Filter>Header Files</Filter>
    </ClInclude>
    <ClInclude Include="src\MainFrm.h">
      <Filter>Header Files</Filter>
    </ClInclude>
    <ClInclude Include="Resource.h">
      <Filter>Header Files</Filter>
    </ClInclude>
    <ClInclude Include="src\StdAfx.h">
      <Filter>Header Files</Filter>
    </ClInclude>
    <ClInclude Include="src\TextView.h">
      <Filter>Header Files</Filter>
    </ClInclude>
    <ClInclude Include="src\wIChI.h">
      <Filter>Header Files</Filter>
    </ClInclude>
    <ClInclude Include="src\wIChIDoc.h">
      <Filter>Header Files</Filter>
    </ClInclude>
    <ClInclude Include="src\wIChIView.h">
      <Filter>Header Files</Filter>
    </ClInclude>
    <ClInclude Include="src\util.h">
      <Filter>Header Files</Filter>
    </ClInclude>
    <ClInclude Include="src\DlgGoTo.h">
      <Filter>Header Files</Filter>
    </ClInclude>
  </ItemGroup>
  <ItemGroup>
    <CustomBuild Include="res\bitmap1.bmp">
      <Filter>Resource Files</Filter>
    </CustomBuild>
    <CustomBuild Include="res\Toolbar.bmp">
      <Filter>Resource Files</Filter>
    </CustomBuild>
    <CustomBuild Include="res\wIChI.ico">
      <Filter>Resource Files</Filter>
    </CustomBuild>
    <CustomBuild Include="res\wIChI.rc2">
      <Filter>Resource Files</Filter>
    </CustomBuild>
    <CustomBuild Include="res\wIChIDoc.ico">
      <Filter>Resource Files</Filter>
    </CustomBuild>
    <CustomBuild Include="res\wINChI.ico">
      <Filter>Resource Files</Filter>
    </CustomBuild>
    <CustomBuild Include="res\wINChIDoc.ico">
      <Filter>Resource Files</Filter>
    </CustomBuild>
    <CustomBuild Include="ReadMe.txt" />
  </ItemGroup>
</Project>